
Microsoft Visual Studio Solution File, Format Version 12.00
# Visual Studio Version 16
VisualStudioVersion = 16.0.29009.5
MinimumVisualStudioVersion = 10.0.40219.1
Project("{F2A71F9B-5D33-465A-A702-920D77279786}") = "Prelude", "Prelude.fsproj", "{580F071E-3CBD-470E-B05E-5F8BE69E652B}"
EndProject
Global
	GlobalSection(SolutionConfigurationPlatforms) = preSolution
		Debug|Any CPU = Debug|Any CPU
		Release|Any CPU = Release|Any CPU
	EndGlobalSection
	GlobalSection(ProjectConfigurationPlatforms) = postSolution
		{580F071E-3CBD-470E-B05E-5F8BE69E652B}.Debug|Any CPU.ActiveCfg = Debug|Any CPU
		{580F071E-3CBD-470E-B05E-5F8BE69E652B}.Debug|Any CPU.Build.0 = Debug|Any CPU
		{580F071E-3CBD-470E-B05E-5F8BE69E652B}.Release|Any CPU.ActiveCfg = Release|Any CPU
		{580F071E-3CBD-470E-B05E-5F8BE69E652B}.Release|Any CPU.Build.0 = Release|Any CPU
	EndGlobalSection
	GlobalSection(SolutionProperties) = preSolution
		HideSolutionNode = FALSE
	EndGlobalSection
	GlobalSection(ExtensibilityGlobals) = postSolution
		SolutionGuid = {740073E6-728F-4BB0-B57E-82CCC06A7287}
	EndGlobalSection
EndGlobal
